
Microsoft Visual Studio Solution File, Format Version 12.00
# Visual Studio 15
VisualStudioVersion = 15.0.28307.572
MinimumVisualStudioVersion = 10.0.40219.1
Project("{FAE04EC0-301F-11D3-BF4B-00C04F79EFBC}") = "RadisGeneric", "RadisGeneric\RadisGeneric.csproj", "{13F4ACA5-FF2F-4D69-AF80-697BCE436B25}"
EndProject
Project("{FAE04EC0-301F-11D3-BF4B-00C04F79EFBC}") = "RedisCacheUtility", "RedisCacheUtility\RedisCacheUtility.csproj", "{8F6E9BFC-3764-4BCE-BD7E-647604C93157}"
EndProject
Global
	GlobalSection(SolutionConfigurationPlatforms) = preSolution
		Debug|Any CPU = Debug|Any CPU
		Release|Any CPU = Release|Any CPU
	EndGlobalSection
	GlobalSection(ProjectConfigurationPlatforms) = postSolution
		{13F4ACA5-FF2F-4D69-AF80-697BCE436B25}.Debug|Any CPU.ActiveCfg = Debug|Any CPU
		{13F4ACA5-FF2F-4D69-AF80-697BCE436B25}.Debug|Any CPU.Build.0 = Debug|Any CPU
		{13F4ACA5-FF2F-4D69-AF80-697BCE436B25}.Release|Any CPU.ActiveCfg = Release|Any CPU
		{13F4ACA5-FF2F-4D69-AF80-697BCE436B25}.Release|Any CPU.Build.0 = Release|Any CPU
		{8F6E9BFC-3764-4BCE-BD7E-647604C93157}.Debug|Any CPU.ActiveCfg = Debug|Any CPU
		{8F6E9BFC-3764-4BCE-BD7E-647604C93157}.Debug|Any CPU.Build.0 = Debug|Any CPU
		{8F6E9BFC-3764-4BCE-BD7E-647604C93157}.Release|Any CPU.ActiveCfg = Release|Any CPU
		{8F6E9BFC-3764-4BCE-BD7E-647604C93157}.Release|Any CPU.Build.0 = Release|Any CPU
	EndGlobalSection
	GlobalSection(SolutionProperties) = preSolution
		HideSolutionNode = FALSE
	EndGlobalSection
	GlobalSection(ExtensibilityGlobals) = postSolution
		SolutionGuid = {98A57BB5-5186-42EC-9A81-47E4B6E38223}
	EndGlobalSection
EndGlobal
